
Microsoft Visual Studio Solution File, Format Version 12.00
# Visual Studio 15
VisualStudioVersion = 15.0.28307.489
MinimumVisualStudioVersion = 10.0.40219.1
Project("{8BC9CEB8-8B4A-11D0-8D11-00A0C91BC942}") = "GaussProjection", "GaussProjection\GaussProjection.vcxproj", "{9900E311-A002-4551-9A9A-01CD417FA7E5}"
EndProject
Global
	GlobalSection(SolutionConfigurationPlatforms) = preSolution
		Debug|x64 = Debug|x64
		Debug|x86 = Debug|x86
		Release|x64 = Release|x64
		Release|x86 = Release|x86
	EndGlobalSection
	GlobalSection(ProjectConfigurationPlatforms) = postSolution
		{9900E311-A002-4551-9A9A-01CD417FA7E5}.Debug|x64.ActiveCfg = Debug|x64
		{9900E311-A002-4551-9A9A-01CD417FA7E5}.Debug|x64.Build.0 = Debug|x64
		{9900E311-A002-4551-9A9A-01CD417FA7E5}.Debug|x86.ActiveCfg = Debug|Win32
		{9900E311-A002-4551-9A9A-01CD417FA7E5}.Debug|x86.Build.0 = Debug|Win32
		{9900E311-A002-4551-9A9A-01CD417FA7E5}.Release|x64.ActiveCfg = Release|x64
		{9900E311-A002-4551-9A9A-01CD417FA7E5}.Release|x64.Build.0 = Release|x64
		{9900E311-A002-4551-9A9A-01CD417FA7E5}.Release|x86.ActiveCfg = Release|Win32
		{9900E311-A002-4551-9A9A-01CD417FA7E5}.Release|x86.Build.0 = Release|Win32
	EndGlobalSection
	GlobalSection(SolutionProperties) = preSolution
		HideSolutionNode = FALSE
	EndGlobalSection
	GlobalSection(ExtensibilityGlobals) = postSolution
		SolutionGuid = {6B2B14E3-CA13-4927-A7D3-1723FC373026}
	EndGlobalSection
EndGlobal
